
Microsoft Visual Studio Solution File, Format Version 12.00
# Visual Studio 15
VisualStudioVersion = 15.0.26730.12
MinimumVisualStudioVersion = 10.0.40219.1
Project("{FAE04EC0-301F-11D3-BF4B-00C04F79EFBC}") = "Domain", "Domain\Domain.csproj", "{09CCB964-3EFD-4125-965B-3846A982739E}"
EndProject
Project("{FAE04EC0-301F-11D3-BF4B-00C04F79EFBC}") = "Infra", "Infra\Infra.csproj", "{A620AF2C-2A10-45C1-8207-95B7ABCFB267}"
EndProject
Project("{9A19103F-16F7-4668-BE54-9A1E7A4F7556}") = "API", "API\API.csproj", "{EFDBDBEF-2A7F-441A-9391-02929532CDCE}"
EndProject
Project("{FAE04EC0-301F-11D3-BF4B-00C04F79EFBC}") = "Teste", "Teste\Teste.csproj", "{1877682B-5183-48FE-BA1E-552D4645BC3B}"
EndProject
Project("{FAE04EC0-301F-11D3-BF4B-00C04F79EFBC}") = "BootWebCrawlerSocios", "BootWebCrawlerSocios\BootWebCrawlerSocios.csproj", "{3731123A-3AC0-45E7-B8C4-139F22444606}"
EndProject
Project("{FAE04EC0-301F-11D3-BF4B-00C04F79EFBC}") = "BootWebCrawlerProjeto", "BootWebCrawlerProjeto\BootWebCrawlerProjeto.csproj", "{CF254448-E164-4659-9B9A-8F2BBA94EE4B}"
EndProject
Global
	GlobalSection(SolutionConfigurationPlatforms) = preSolution
		Debug|Any CPU = Debug|Any CPU
		Release|Any CPU = Release|Any CPU
	EndGlobalSection
	GlobalSection(ProjectConfigurationPlatforms) = postSolution
		{09CCB964-3EFD-4125-965B-3846A982739E}.Debug|Any CPU.ActiveCfg = Debug|Any CPU
		{09CCB964-3EFD-4125-965B-3846A982739E}.Debug|Any CPU.Build.0 = Debug|Any CPU
		{09CCB964-3EFD-4125-965B-3846A982739E}.Release|Any CPU.ActiveCfg = Release|Any CPU
		{09CCB964-3EFD-4125-965B-3846A982739E}.Release|Any CPU.Build.0 = Release|Any CPU
		{A620AF2C-2A10-45C1-8207-95B7ABCFB267}.Debug|Any CPU.ActiveCfg = Debug|Any CPU
		{A620AF2C-2A10-45C1-8207-95B7ABCFB267}.Debug|Any CPU.Build.0 = Debug|Any CPU
		{A620AF2C-2A10-45C1-8207-95B7ABCFB267}.Release|Any CPU.ActiveCfg = Release|Any CPU
		{A620AF2C-2A10-45C1-8207-95B7ABCFB267}.Release|Any CPU.Build.0 = Release|Any CPU
		{EFDBDBEF-2A7F-441A-9391-02929532CDCE}.Debug|Any CPU.ActiveCfg = Debug|Any CPU
		{EFDBDBEF-2A7F-441A-9391-02929532CDCE}.Debug|Any CPU.Build.0 = Debug|Any CPU
		{EFDBDBEF-2A7F-441A-9391-02929532CDCE}.Release|Any CPU.ActiveCfg = Release|Any CPU
		{EFDBDBEF-2A7F-441A-9391-02929532CDCE}.Release|Any CPU.Build.0 = Release|Any CPU
		{1877682B-5183-48FE-BA1E-552D4645BC3B}.Debug|Any CPU.ActiveCfg = Debug|Any CPU
		{1877682B-5183-48FE-BA1E-552D4645BC3B}.Debug|Any CPU.Build.0 = Debug|Any CPU
		{1877682B-5183-48FE-BA1E-552D4645BC3B}.Release|Any CPU.ActiveCfg = Release|Any CPU
		{1877682B-5183-48FE-BA1E-552D4645BC3B}.Release|Any CPU.Build.0 = Release|Any CPU
		{3731123A-3AC0-45E7-B8C4-139F22444606}.Debug|Any CPU.ActiveCfg = Debug|Any CPU
		{3731123A-3AC0-45E7-B8C4-139F22444606}.Debug|Any CPU.Build.0 = Debug|Any CPU
		{3731123A-3AC0-45E7-B8C4-139F22444606}.Release|Any CPU.ActiveCfg = Release|Any CPU
		{3731123A-3AC0-45E7-B8C4-139F22444606}.Release|Any CPU.Build.0 = Release|Any CPU
		{CF254448-E164-4659-9B9A-8F2BBA94EE4B}.Debug|Any CPU.ActiveCfg = Debug|Any CPU
		{CF254448-E164-4659-9B9A-8F2BBA94EE4B}.Debug|Any CPU.Build.0 = Debug|Any CPU
		{CF254448-E164-4659-9B9A-8F2BBA94EE4B}.Release|Any CPU.ActiveCfg = Release|Any CPU
		{CF254448-E164-4659-9B9A-8F2BBA94EE4B}.Release|Any CPU.Build.0 = Release|Any CPU
	EndGlobalSection
	GlobalSection(SolutionProperties) = preSolution
		HideSolutionNode = FALSE
	EndGlobalSection
	GlobalSection(ExtensibilityGlobals) = postSolution
		SolutionGuid = {220AAFB2-B9C2-4FBE-9931-BD316AE2CCDF}
	EndGlobalSection
EndGlobal
